
Microsoft Visual Studio Solution File, Format Version 12.00
# Visual Studio 15
VisualStudioVersion = 15.0.27703.2018
MinimumVisualStudioVersion = 10.0.40219.1
Project("{888888A0-9F3D-457C-B088-3A5042F75D52}") = "迭代", "迭代\迭代.pyproj", "{9EC2BF20-D07D-4098-A636-733AA893BB2F}"
EndProject
Global
	GlobalSection(SolutionConfigurationPlatforms) = preSolution
		Debug|Any CPU = Debug|Any CPU
		Release|Any CPU = Release|Any CPU
	EndGlobalSection
	GlobalSection(ProjectConfigurationPlatforms) = postSolution
		{9EC2BF20-D07D-4098-A636-733AA893BB2F}.Debug|Any CPU.ActiveCfg = Debug|Any CPU
		{9EC2BF20-D07D-4098-A636-733AA893BB2F}.Release|Any CPU.ActiveCfg = Release|Any CPU
	EndGlobalSection
	GlobalSection(SolutionProperties) = preSolution
		HideSolutionNode = FALSE
	EndGlobalSection
	GlobalSection(ExtensibilityGlobals) = postSolution
		SolutionGuid = {B74369AB-DDE0-42E6-B21D-3D3602C2CCE8}
	EndGlobalSection
EndGlobal
