
Microsoft Visual Studio Solution File, Format Version 12.00
# Visual Studio 15
VisualStudioVersion = 15.0.27703.2018
MinimumVisualStudioVersion = 10.0.40219.1
Project("{888888A0-9F3D-457C-B088-3A5042F75D52}") = "创造函数", "创造函数\创造函数.pyproj", "{BDF3C43B-2E75-4EE1-9452-5B87ED1FF778}"
EndProject
Global
	GlobalSection(SolutionConfigurationPlatforms) = preSolution
		Debug|Any CPU = Debug|Any CPU
		Release|Any CPU = Release|Any CPU
	EndGlobalSection
	GlobalSection(ProjectConfigurationPlatforms) = postSolution
		{BDF3C43B-2E75-4EE1-9452-5B87ED1FF778}.Debug|Any CPU.ActiveCfg = Debug|Any CPU
		{BDF3C43B-2E75-4EE1-9452-5B87ED1FF778}.Release|Any CPU.ActiveCfg = Release|Any CPU
	EndGlobalSection
	GlobalSection(SolutionProperties) = preSolution
		HideSolutionNode = FALSE
	EndGlobalSection
	GlobalSection(ExtensibilityGlobals) = postSolution
		SolutionGuid = {273AA443-27CB-4443-8D2C-285C7DA72EBC}
	EndGlobalSection
EndGlobal
