
Microsoft Visual Studio Solution File, Format Version 12.00
# Visual Studio 15
VisualStudioVersion = 15.0.27703.2018
MinimumVisualStudioVersion = 10.0.40219.1
Project("{888888A0-9F3D-457C-B088-3A5042F75D52}") = "递归浅析", "递归浅析\递归浅析.pyproj", "{57340B91-C867-4978-A4BA-0435CDF8B460}"
EndProject
Global
	GlobalSection(SolutionConfigurationPlatforms) = preSolution
		Debug|Any CPU = Debug|Any CPU
		Release|Any CPU = Release|Any CPU
	EndGlobalSection
	GlobalSection(ProjectConfigurationPlatforms) = postSolution
		{57340B91-C867-4978-A4BA-0435CDF8B460}.Debug|Any CPU.ActiveCfg = Debug|Any CPU
		{57340B91-C867-4978-A4BA-0435CDF8B460}.Release|Any CPU.ActiveCfg = Release|Any CPU
	EndGlobalSection
	GlobalSection(SolutionProperties) = preSolution
		HideSolutionNode = FALSE
	EndGlobalSection
	GlobalSection(ExtensibilityGlobals) = postSolution
		SolutionGuid = {BB8498B0-F445-4162-8B43-2E2173FA3240}
	EndGlobalSection
EndGlobal
