
Microsoft Visual Studio Solution File, Format Version 12.00
# Visual Studio 15
VisualStudioVersion = 15.0.27703.2018
MinimumVisualStudioVersion = 10.0.40219.1
Project("{888888A0-9F3D-457C-B088-3A5042F75D52}") = "使用模块", "使用模块\使用模块.pyproj", "{A895446D-1C18-4DBD-98B1-DA3183D15CC5}"
EndProject
Global
	GlobalSection(SolutionConfigurationPlatforms) = preSolution
		Debug|Any CPU = Debug|Any CPU
		Release|Any CPU = Release|Any CPU
	EndGlobalSection
	GlobalSection(ProjectConfigurationPlatforms) = postSolution
		{A895446D-1C18-4DBD-98B1-DA3183D15CC5}.Debug|Any CPU.ActiveCfg = Debug|Any CPU
		{A895446D-1C18-4DBD-98B1-DA3183D15CC5}.Release|Any CPU.ActiveCfg = Release|Any CPU
	EndGlobalSection
	GlobalSection(SolutionProperties) = preSolution
		HideSolutionNode = FALSE
	EndGlobalSection
	GlobalSection(ExtensibilityGlobals) = postSolution
		SolutionGuid = {83F0BB0A-4788-461C-BF09-FB3930EFDBCA}
	EndGlobalSection
EndGlobal
