
Microsoft Visual Studio Solution File, Format Version 12.00
# Visual Studio 15
VisualStudioVersion = 15.0.27703.2018
MinimumVisualStudioVersion = 10.0.40219.1
Project("{888888A0-9F3D-457C-B088-3A5042F75D52}") = "调用函数", "调用函数\调用函数.pyproj", "{47E73178-C4F6-4D55-BC02-16475806DD12}"
EndProject
Global
	GlobalSection(SolutionConfigurationPlatforms) = preSolution
		Debug|Any CPU = Debug|Any CPU
		Release|Any CPU = Release|Any CPU
	EndGlobalSection
	GlobalSection(ProjectConfigurationPlatforms) = postSolution
		{47E73178-C4F6-4D55-BC02-16475806DD12}.Debug|Any CPU.ActiveCfg = Debug|Any CPU
		{47E73178-C4F6-4D55-BC02-16475806DD12}.Release|Any CPU.ActiveCfg = Release|Any CPU
	EndGlobalSection
	GlobalSection(SolutionProperties) = preSolution
		HideSolutionNode = FALSE
	EndGlobalSection
	GlobalSection(ExtensibilityGlobals) = postSolution
		SolutionGuid = {C1411CB4-4A82-4DC9-88DE-D5CA8C2F9962}
	EndGlobalSection
EndGlobal
