
Microsoft Visual Studio Solution File, Format Version 12.00
# Visual Studio 15
VisualStudioVersion = 15.0.27703.2018
MinimumVisualStudioVersion = 10.0.40219.1
Project("{888888A0-9F3D-457C-B088-3A5042F75D52}") = "偏函数", "偏函数\偏函数.pyproj", "{C3C0373C-4B5F-4803-8802-3C76A9806586}"
EndProject
Global
	GlobalSection(SolutionConfigurationPlatforms) = preSolution
		Debug|Any CPU = Debug|Any CPU
		Release|Any CPU = Release|Any CPU
	EndGlobalSection
	GlobalSection(ProjectConfigurationPlatforms) = postSolution
		{C3C0373C-4B5F-4803-8802-3C76A9806586}.Debug|Any CPU.ActiveCfg = Debug|Any CPU
		{C3C0373C-4B5F-4803-8802-3C76A9806586}.Release|Any CPU.ActiveCfg = Release|Any CPU
	EndGlobalSection
	GlobalSection(SolutionProperties) = preSolution
		HideSolutionNode = FALSE
	EndGlobalSection
	GlobalSection(ExtensibilityGlobals) = postSolution
		SolutionGuid = {0A49AB92-FE7A-4339-801E-612D953C1504}
	EndGlobalSection
EndGlobal
